
Microsoft Visual Studio Solution File, Format Version 12.00
# Visual Studio Version 17
VisualStudioVersion = 17.9.34607.119
MinimumVisualStudioVersion = 10.0.40219.1
Project("{9A19103F-16F7-4668-BE54-9A1E7A4F7556}") = "BlazorCRUDCustomers", "BlazorCRUDCustomers\BlazorCRUDCustomers\BlazorCRUDCustomers.csproj", "{D8F866D5-0570-484A-BC31-9644432E5C7F}"
	ProjectSection(ProjectDependencies) = postProject
		{DA51B32A-D60C-49F1-899C-75EEF5D4AC82} = {DA51B32A-D60C-49F1-899C-75EEF5D4AC82}
	EndProjectSection
EndProject
Project("{9A19103F-16F7-4668-BE54-9A1E7A4F7556}") = "BlazorCRUDCustomers.Client", "BlazorCRUDCustomers\BlazorCRUDCustomers.Client\BlazorCRUDCustomers.Client.csproj", "{52181553-C903-4353-A32F-55085CAD1E5B}"
	ProjectSection(ProjectDependencies) = postProject
		{DA51B32A-D60C-49F1-899C-75EEF5D4AC82} = {DA51B32A-D60C-49F1-899C-75EEF5D4AC82}
	EndProjectSection
EndProject
Project("{9A19103F-16F7-4668-BE54-9A1E7A4F7556}") = "BlazorCRUDCustomers.Domain", "Domain\BlazorCRUDCustomers.Domain.csproj", "{DA51B32A-D60C-49F1-899C-75EEF5D4AC82}"
EndProject
Global
	GlobalSection(SolutionConfigurationPlatforms) = preSolution
		Debug|Any CPU = Debug|Any CPU
		Release|Any CPU = Release|Any CPU
	EndGlobalSection
	GlobalSection(ProjectConfigurationPlatforms) = postSolution
		{D8F866D5-0570-484A-BC31-9644432E5C7F}.Debug|Any CPU.ActiveCfg = Debug|Any CPU
		{D8F866D5-0570-484A-BC31-9644432E5C7F}.Debug|Any CPU.Build.0 = Debug|Any CPU
		{D8F866D5-0570-484A-BC31-9644432E5C7F}.Release|Any CPU.ActiveCfg = Release|Any CPU
		{D8F866D5-0570-484A-BC31-9644432E5C7F}.Release|Any CPU.Build.0 = Release|Any CPU
		{52181553-C903-4353-A32F-55085CAD1E5B}.Debug|Any CPU.ActiveCfg = Debug|Any CPU
		{52181553-C903-4353-A32F-55085CAD1E5B}.Debug|Any CPU.Build.0 = Debug|Any CPU
		{52181553-C903-4353-A32F-55085CAD1E5B}.Release|Any CPU.ActiveCfg = Release|Any CPU
		{52181553-C903-4353-A32F-55085CAD1E5B}.Release|Any CPU.Build.0 = Release|Any CPU
		{DA51B32A-D60C-49F1-899C-75EEF5D4AC82}.Debug|Any CPU.ActiveCfg = Debug|Any CPU
		{DA51B32A-D60C-49F1-899C-75EEF5D4AC82}.Debug|Any CPU.Build.0 = Debug|Any CPU
		{DA51B32A-D60C-49F1-899C-75EEF5D4AC82}.Release|Any CPU.ActiveCfg = Release|Any CPU
		{DA51B32A-D60C-49F1-899C-75EEF5D4AC82}.Release|Any CPU.Build.0 = Release|Any CPU
	EndGlobalSection
	GlobalSection(SolutionProperties) = preSolution
		HideSolutionNode = FALSE
	EndGlobalSection
	GlobalSection(ExtensibilityGlobals) = postSolution
		SolutionGuid = {4F73B467-B17C-41FD-B280-364705428177}
	EndGlobalSection
EndGlobal
